
Microsoft Visual Studio Solution File, Format Version 12.00
# Visual Studio Version 17
VisualStudioVersion = 17.4.33103.184
MinimumVisualStudioVersion = 10.0.40219.1
Project("{888888A0-9F3D-457C-B088-3A5042F75D52}") = "AI_Dinosaur_Ontology", "AI_Dinosaur_Ontology\AI_Dinosaur_Ontology.pyproj", "{199695E6-9823-4DD7-A66C-DFD9A9618A29}"
EndProject
Global
	GlobalSection(SolutionConfigurationPlatforms) = preSolution
		Debug|Any CPU = Debug|Any CPU
		Release|Any CPU = Release|Any CPU
	EndGlobalSection
	GlobalSection(ProjectConfigurationPlatforms) = postSolution
		{199695E6-9823-4DD7-A66C-DFD9A9618A29}.Debug|Any CPU.ActiveCfg = Debug|Any CPU
		{199695E6-9823-4DD7-A66C-DFD9A9618A29}.Release|Any CPU.ActiveCfg = Release|Any CPU
	EndGlobalSection
	GlobalSection(SolutionProperties) = preSolution
		HideSolutionNode = FALSE
	EndGlobalSection
	GlobalSection(ExtensibilityGlobals) = postSolution
		SolutionGuid = {C9DD4EC8-24A9-430D-A35A-B4C79B0F4133}
	EndGlobalSection
EndGlobal
